// !$*UTF8*$!
{
	archiveVersion = 1;
	classes = {
	};
	objectVersion = 46;
	objects = {

/* Begin PBXBuildFile section */
		2C1A2C761DC3283600B5CC8D /* main.m in Sources */ = {isa = PBXBuildFile; fileRef = 2C1A2C751DC3283600B5CC8D /* main.m */; };
		2C1A2C791DC3283600B5CC8D /* AppDelegate.m in Sources */ = {isa = PBXBuildFile; fileRef = 2C1A2C781DC3283600B5CC8D /* AppDelegate.m */; };
		2C1A2C7C1DC3283600B5CC8D /* ViewController.m in Sources */ = {isa = PBXBuildFile; fileRef = 2C1A2C7B1DC3283600B5CC8D /* ViewController.m */; };
		2C1A2C7F1DC3283600B5CC8D /* Main.storyboard in Resources */ = {isa = PBXBuildFile; fileRef = 2C1A2C7D1DC3283600B5CC8D /* Main.storyboard */; };
		2C1A2C811DC3283700B5CC8D /* Assets.xcassets in Resources */ = {isa = PBXBuildFile; fileRef = 2C1A2C801DC3283700B5CC8D /* Assets.xcassets */; };
		2C1A2C841DC3283700B5CC8D /* LaunchScreen.storyboard in Resources */ = {isa = PBXBuildFile; fileRef = 2C1A2C821DC3283700B5CC8D /* LaunchScreen.storyboard */; };
		2C1A2C8D1DC328B900B5CC8D /* BJCardViewLayout.m in Sources */ = {isa = PBXBuildFile; fileRef = 2C1A2C8C1DC328B900B5CC8D /* BJCardViewLayout.m */; };
		2C1A2C901DC328FF00B5CC8D /* BJCardCell.m in Sources */ = {isa = PBXBuildFile; fileRef = 2C1A2C8F1DC328FF00B5CC8D /* BJCardCell.m */; };
		2C1A2C931DC3296800B5CC8D /* BJCardModel.m in Sources */ = {isa = PBXBuildFile; fileRef = 2C1A2C921DC3296800B5CC8D /* BJCardModel.m */; };
/* End PBXBuildFile section */

/* Begin PBXFileReference section */
		2C1A2C711DC3283600B5CC8D /* BJCardCollectionView.app */ = {isa = PBXFileReference; explicitFileType = wrapper.application; includeInIndex = 0; path = BJCardCollectionView.app; sourceTree = BUILT_PRODUCTS_DIR; };
		2C1A2C751DC3283600B5CC8D /* main.m */ = {isa = PBXFileReference; lastKnownFileType = sourcecode.c.objc; path = main.m; sourceTree = "<group>"; };
		2C1A2C771DC3283600B5CC8D /* AppDelegate.h */ = {isa = PBXFileReference; lastKnownFileType = sourcecode.c.h; path = AppDelegate.h; sourceTree = "<group>"; };
		2C1A2C781DC3283600B5CC8D /* AppDelegate.m */ = {isa = PBXFileReference; lastKnownFileType = sourcecode.c.objc; path = AppDelegate.m; sourceTree = "<group>"; };
		2C1A2C7A1DC3283600B5CC8D /* ViewController.h */ = {isa = PBXFileReference; lastKnownFileType = sourcecode.c.h; path = ViewController.h; sourceTree = "<group>"; };
		2C1A2C7B1DC3283600B5CC8D /* ViewController.m */ = {isa = PBXFileReference; lastKnownFileType = sourcecode.c.objc; path = ViewController.m; sourceTree = "<group>"; };
		2C1A2C7E1DC3283600B5CC8D /* Base */ = {isa = PBXFileReference; lastKnownFileType = file.storyboard; name = Base; path = Base.lproj/Main.storyboard; sourceTree = "<group>"; };
		2C1A2C801DC3283700B5CC8D /* Assets.xcassets */ = {isa = PBXFileReference; lastKnownFileType = folder.assetcatalog; path = Assets.xcassets; sourceTree = "<group>"; };
		2C1A2C831DC3283700B5CC8D /* Base */ = {isa = PBXFileReference; lastKnownFileType = file.storyboard; name = Base; path = Base.lproj/LaunchScreen.storyboard; sourceTree = "<group>"; };
		2C1A2C851DC3283700B5CC8D /* Info.plist */ = {isa = PBXFileReference; lastKnownFileType = text.plist.xml; path = Info.plist; sourceTree = "<group>"; };
		2C1A2C8B1DC328B900B5CC8D /* BJCardViewLayout.h */ = {isa = PBXFileReference; fileEncoding = 4; lastKnownFileType = sourcecode.c.h; path = BJCardViewLayout.h; sourceTree = "<group>"; };
		2C1A2C8C1DC328B900B5CC8D /* BJCardViewLayout.m */ = {isa = PBXFileReference; fileEncoding = 4; lastKnownFileType = sourcecode.c.objc; path = BJCardViewLayout.m; sourceTree = "<group>"; };
		2C1A2C8E1DC328FF00B5CC8D /* BJCardCell.h */ = {isa = PBXFileReference; fileEncoding = 4; lastKnownFileType = sourcecode.c.h; path = BJCardCell.h; sourceTree = "<group>"; };
		2C1A2C8F1DC328FF00B5CC8D /* BJCardCell.m */ = {isa = PBXFileReference; fileEncoding = 4; lastKnownFileType = sourcecode.c.objc; path = BJCardCell.m; sourceTree = "<group>"; };
		2C1A2C911DC3296800B5CC8D /* BJCardModel.h */ = {isa = PBXFileReference; fileEncoding = 4; lastKnownFileType = sourcecode.c.h; path = BJCardModel.h; sourceTree = "<group>"; };
		2C1A2C921DC3296800B5CC8D /* BJCardModel.m */ = {isa = PBXFileReference; fileEncoding = 4; lastKnownFileType = sourcecode.c.objc; path = BJCardModel.m; sourceTree = "<group>"; };
/* End PBXFileReference section */

/* Begin PBXFrameworksBuildPhase section */
		2C1A2C6E1DC3283600B5CC8D /* Frameworks */ = {
			isa = PBXFrameworksBuildPhase;
			buildActionMask = 2147483647;
			files = (
			);
			runOnlyForDeploymentPostprocessing = 0;
		};
/* End PBXFrameworksBuildPhase section */

/* Begin PBXGroup section */
		2C1A2C681DC3283600B5CC8D = {
			isa = PBXGroup;
			children = (
				2C1A2C731DC3283600B5CC8D /* BJCardCollectionView */,
				2C1A2C721DC3283600B5CC8D /* Products */,
			);
			sourceTree = "<group>";
		};
		2C1A2C721DC3283600B5CC8D /* Products */ = {
			isa = PBXGroup;
			children = (
				2C1A2C711DC3283600B5CC8D /* BJCardCollectionView.app */,
			);
			name = Products;
			sourceTree = "<group>";
		};
		2C1A2C731DC3283600B5CC8D /* BJCardCollectionView */ = {
			isa = PBXGroup;
			children = (
				2C1A2C771DC3283600B5CC8D /* AppDelegate.h */,
				2C1A2C781DC3283600B5CC8D /* AppDelegate.m */,
				2C1A2C7A1DC3283600B5CC8D /* ViewController.h */,
				2C1A2C7B1DC3283600B5CC8D /* ViewController.m */,
				2C1A2C8B1DC328B900B5CC8D /* BJCardViewLayout.h */,
				2C1A2C8C1DC328B900B5CC8D /* BJCardViewLayout.m */,
				2C1A2C8E1DC328FF00B5CC8D /* BJCardCell.h */,
				2C1A2C8F1DC328FF00B5CC8D /* BJCardCell.m */,
				2C1A2C911DC3296800B5CC8D /* BJCardModel.h */,
				2C1A2C921DC3296800B5CC8D /* BJCardModel.m */,
				2C1A2C7D1DC3283600B5CC8D /* Main.storyboard */,
				2C1A2C801DC3283700B5CC8D /* Assets.xcassets */,
				2C1A2C821DC3283700B5CC8D /* LaunchScreen.storyboard */,
				2C1A2C851DC3283700B5CC8D /* Info.plist */,
				2C1A2C741DC3283600B5CC8D /* Supporting Files */,
			);
			path = BJCardCollectionView;
			sourceTree = "<group>";
		};
		2C1A2C741DC3283600B5CC8D /* Supporting Files */ = {
			isa = PBXGroup;
			children = (
				2C1A2C751DC3283600B5CC8D /* main.m */,
			);
			name = "Supporting Files";
			sourceTree = "<group>";
		};
/* End PBXGroup section */

/* Begin PBXNativeTarget section */
		2C1A2C701DC3283600B5CC8D /* BJCardCollectionView */ = {
			isa = PBXNativeTarget;
			buildConfigurationList = 2C1A2C881DC3283700B5CC8D /* Build configuration list for PBXNativeTarget "BJCardCollectionView" */;
			buildPhases = (
				2C1A2C6D1DC3283600B5CC8D /* Sources */,
				2C1A2C6E1DC3283600B5CC8D /* Frameworks */,
				2C1A2C6F1DC3283600B5CC8D /* Resources */,
			);
			buildRules = (
			);
			dependencies = (
			);
			name = BJCardCollectionView;
			productName = BJCardCollectionView;
			productReference = 2C1A2C711DC3283600B5CC8D /* BJCardCollectionView.app */;
			productType = "com.apple.product-type.application";
		};
/* End PBXNativeTarget section */

/* Begin PBXProject section */
		2C1A2C691DC3283600B5CC8D /* Project object */ = {
			isa = PBXProject;
			attributes = {
				LastUpgradeCheck = 0810;
				ORGANIZATIONNAME = bradleyjohnson;
				TargetAttributes = {
					2C1A2C701DC3283600B5CC8D = {
						CreatedOnToolsVersion = 8.1;
						DevelopmentTeam = 436LFY7TCV;
						ProvisioningStyle = Automatic;
					};
				};
			};
			buildConfigurationList = 2C1A2C6C1DC3283600B5CC8D /* Build configuration list for PBXProject "BJCardCollectionView" */;
			compatibilityVersion = "Xcode 3.2";
			developmentRegion = English;
			hasScannedForEncodings = 0;
			knownRegions = (
				en,
				Base,
			);
			mainGroup = 2C1A2C681DC3283600B5CC8D;
			productRefGroup = 2C1A2C721DC3283600B5CC8D /* Products */;
			projectDirPath = "";
			projectRoot = "";
			targets = (
				2C1A2C701DC3283600B5CC8D /* BJCardCollectionView */,
			);
		};
/* End PBXProject section */

/* Begin PBXResourcesBuildPhase section */
		2C1A2C6F1DC3283600B5CC8D /* Resources */ = {
			isa = PBXResourcesBuildPhase;
			buildActionMask = 2147483647;
			files = (
				2C1A2C841DC3283700B5CC8D /* LaunchScreen.storyboard in Resources */,
				2C1A2C811DC3283700B5CC8D /* Assets.xcassets in Resources */,
				2C1A2C7F1DC3283600B5CC8D /* Main.storyboard in Resources */,
			);
			runOnlyForDeploymentPostprocessing = 0;
		};
/* End PBXResourcesBuildPhase section */

/* Begin PBXSourcesBuildPhase section */
		2C1A2C6D1DC3283600B5CC8D /* Sources */ = {
			isa = PBXSourcesBuildPhase;
			buildActionMask = 2147483647;
			files = (
				2C1A2C8D1DC328B900B5CC8D /* BJCardViewLayout.m in Sources */,
				2C1A2C931DC3296800B5CC8D /* BJCardModel.m in Sources */,
				2C1A2C7C1DC3283600B5CC8D /* ViewController.m in Sources */,
				2C1A2C791DC3283600B5CC8D /* AppDelegate.m in Sources */,
				2C1A2C761DC3283600B5CC8D /* main.m in Sources */,
				2C1A2C901DC328FF00B5CC8D /* BJCardCell.m in Sources */,
			);
			runOnlyForDeploymentPostprocessing = 0;
		};
/* End PBXSourcesBuildPhase section */

/* Begin PBXVariantGroup section */
		2C1A2C7D1DC3283600B5CC8D /* Main.storyboard */ = {
			isa = PBXVariantGroup;
			children = (
				2C1A2C7E1DC3283600B5CC8D /* Base */,
			);
			name = Main.storyboard;
			sourceTree = "<group>";
		};
		2C1A2C821DC3283700B5CC8D /* LaunchScreen.storyboard */ = {
			isa = PBXVariantGroup;
			children = (
				2C1A2C831DC3283700B5CC8D /* Base */,
			);
			name = LaunchScreen.storyboard;
			sourceTree = "<group>";
		};
/* End PBXVariantGroup section */

/* Begin XCBuildConfiguration section */
		2C1A2C861DC3283700B5CC8D /* Debug */ = {
			isa = XCBuildConfiguration;
			buildSettings = {
				ALWAYS_SEARCH_USER_PATHS = NO;
				CLANG_ANALYZER_NONNULL = YES;
				CLANG_CXX_LANGUAGE_STANDARD = "gnu++0x";
				CLANG_CXX_LIBRARY = "libc++";
				CLANG_ENABLE_MODULES = YES;
				CLANG_ENABLE_OBJC_ARC = YES;
				CLANG_WARN_BOOL_CONVERSION = YES;
				CLANG_WARN_CONSTANT_CONVERSION = YES;
				CLANG_WARN_DIRECT_OBJC_ISA_USAGE = YES_ERROR;
				CLANG_WARN_DOCUMENTATION_COMMENTS = YES;
				CLANG_WARN_EMPTY_BODY = YES;
				CLANG_WARN_ENUM_CONVERSION = YES;
				CLANG_WARN_INFINITE_RECURSION = YES;
				CLANG_WARN_INT_CONVERSION = YES;
				CLANG_WARN_OBJC_ROOT_CLASS = YES_ERROR;
				CLANG_WARN_SUSPICIOUS_MOVES = YES;
				CLANG_WARN_UNREACHABLE_CODE = YES;
				CLANG_WARN__DUPLICATE_METHOD_MATCH = YES;
				"CODE_SIGN_IDENTITY[sdk=iphoneos*]" = "iPhone Developer";
				COPY_PHASE_STRIP = NO;
				DEBUG_INFORMATION_FORMAT = dwarf;
				ENABLE_STRICT_OBJC_MSGSEND = YES;
				ENABLE_TESTABILITY = YES;
				GCC_C_LANGUAGE_STANDARD = gnu99;
				GCC_DYNAMIC_NO_PIC = NO;
				GCC_NO_COMMON_BLOCKS = YES;
				GCC_OPTIMIZATION_LEVEL = 0;
				GCC_PREPROCESSOR_DEFINITIONS = (
					"DEBUG=1",
					"$(inherited)",
				);
				GCC_WARN_64_TO_32_BIT_CONVERSION = YES;
				GCC_WARN_ABOUT_RETURN_TYPE = YES_ERROR;
				GCC_WARN_UNDECLARED_SELECTOR = YES;
				GCC_WARN_UNINITIALIZED_AUTOS = YES_AGGRESSIVE;
				GCC_WARN_UNUSED_FUNCTION = YES;
				GCC_WARN_UNUSED_VARIABLE = YES;
				IPHONEOS_DEPLOYMENT_TARGET = 10.1;
				MTL_ENABLE_DEBUG_INFO = YES;
				ONLY_ACTIVE_ARCH = YES;
				SDKROOT = iphoneos;
			};
			name = Debug;
		};
		2C1A2C871DC3283700B5CC8D /* Release */ = {
			isa = XCBuildConfiguration;
			buildSettings = {
				ALWAYS_SEARCH_USER_PATHS = NO;
				CLANG_ANALYZER_NONNULL = YES;
				CLANG_CXX_LANGUAGE_STANDARD = "gnu++0x";
				CLANG_CXX_LIBRARY = "libc++";
				CLANG_ENABLE_MODULES = YES;
				CLANG_ENABLE_OBJC_ARC = YES;
				CLANG_WARN_BOOL_CONVERSION = YES;
				CLANG_WARN_CONSTANT_CONVERSION = YES;
				CLANG_WARN_DIRECT_OBJC_ISA_USAGE = YES_ERROR;
				CLANG_WARN_DOCUMENTATION_COMMENTS = YES;
				CLANG_WARN_EMPTY_BODY = YES;
				CLANG_WARN_ENUM_CONVERSION = YES;
				CLANG_WARN_INFINITE_RECURSION = YES;
				CLANG_WARN_INT_CONVERSION = YES;
				CLANG_WARN_OBJC_ROOT_CLASS = YES_ERROR;
				CLANG_WARN_SUSPICIOUS_MOVES = YES;
				CLANG_WARN_UNREACHABLE_CODE = YES;
				CLANG_WARN__DUPLICATE_METHOD_MATCH = YES;
				"CODE_SIGN_IDENTITY[sdk=iphoneos*]" = "iPhone Developer";
				COPY_PHASE_STRIP = NO;
				DEBUG_INFORMATION_FORMAT = "dwarf-with-dsym";
				ENABLE_NS_ASSERTIONS = NO;
				ENABLE_STRICT_OBJC_MSGSEND = YES;
				GCC_C_LANGUAGE_STANDARD = gnu99;
				GCC_NO_COMMON_BLOCKS = YES;
				GCC_WARN_64_TO_32_BIT_CONVERSION = YES;
				GCC_WARN_ABOUT_RETURN_TYPE = YES_ERROR;
				GCC_WARN_UNDECLARED_SELECTOR = YES;
				GCC_WARN_UNINITIALIZED_AUTOS = YES_AGGRESSIVE;
				GCC_WARN_UNUSED_FUNCTION = YES;
				GCC_WARN_UNUSED_VARIABLE = YES;
				IPHONEOS_DEPLOYMENT_TARGET = 10.1;
				MTL_ENABLE_DEBUG_INFO = NO;
				SDKROOT = iphoneos;
				VALIDATE_PRODUCT = YES;
			};
			name = Release;
		};
		2C1A2C891DC3283700B5CC8D /* Debug */ = {
			isa = XCBuildConfiguration;
			buildSettings = {
				ASSETCATALOG_COMPILER_APPICON_NAME = AppIcon;
				DEVELOPMENT_TEAM = 436LFY7TCV;
				INFOPLIST_FILE = BJCardCollectionView/Info.plist;
				LD_RUNPATH_SEARCH_PATHS = "$(inherited) @executable_path/Frameworks";
				PRODUCT_BUNDLE_IDENTIFIER = bradleyjohnson.BJCardCollectionView;
				PRODUCT_NAME = "$(TARGET_NAME)";
			};
			name = Debug;
		};
		2C1A2C8A1DC3283700B5CC8D /* Release */ = {
			isa = XCBuildConfiguration;
			buildSettings = {
				ASSETCATALOG_COMPILER_APPICON_NAME = AppIcon;
				DEVELOPMENT_TEAM = 436LFY7TCV;
				INFOPLIST_FILE = BJCardCollectionView/Info.plist;
				LD_RUNPATH_SEARCH_PATHS = "$(inherited) @executable_path/Frameworks";
				PRODUCT_BUNDLE_IDENTIFIER = bradleyjohnson.BJCardCollectionView;
				PRODUCT_NAME = "$(TARGET_NAME)";
			};
			name = Release;
		};
/* End XCBuildConfiguration section */

/* Begin XCConfigurationList section */
		2C1A2C6C1DC3283600B5CC8D /* Build configuration list for PBXProject "BJCardCollectionView" */ = {
			isa = XCConfigurationList;
			buildConfigurations = (
				2C1A2C861DC3283700B5CC8D /* Debug */,
				2C1A2C871DC3283700B5CC8D /* Release */,
			);
			defaultConfigurationIsVisible = 0;
			defaultConfigurationName = Release;
		};
		2C1A2C881DC3283700B5CC8D /* Build configuration list for PBXNativeTarget "BJCardCollectionView" */ = {
			isa = XCConfigurationList;
			buildConfigurations = (
				2C1A2C891DC3283700B5CC8D /* Debug */,
				2C1A2C8A1DC3283700B5CC8D /* Release */,
			);
			defaultConfigurationIsVisible = 0;
		};
/* End XCConfigurationList section */
	};
	rootObject = 2C1A2C691DC3283600B5CC8D /* Project object */;
}
